
Microsoft Visual Studio Solution File, Format Version 12.00
# Visual Studio Version 16
VisualStudioVersion = 16.0.29709.97
MinimumVisualStudioVersion = 10.0.40219.1
Project("{FAE04EC0-301F-11D3-BF4B-00C04F79EFBC}") = "GradesFrankMells", "GradesFrankMells\GradesFrankMells.csproj", "{BC960034-CFDD-4094-8C3B-DDD92E87AD75}"
EndProject
Global
	GlobalSection(SolutionConfigurationPlatforms) = preSolution
		Debug|Any CPU = Debug|Any CPU
		Release|Any CPU = Release|Any CPU
	EndGlobalSection
	GlobalSection(ProjectConfigurationPlatforms) = postSolution
		{BC960034-CFDD-4094-8C3B-DDD92E87AD75}.Debug|Any CPU.ActiveCfg = Debug|Any CPU
		{BC960034-CFDD-4094-8C3B-DDD92E87AD75}.Debug|Any CPU.Build.0 = Debug|Any CPU
		{BC960034-CFDD-4094-8C3B-DDD92E87AD75}.Release|Any CPU.ActiveCfg = Release|Any CPU
		{BC960034-CFDD-4094-8C3B-DDD92E87AD75}.Release|Any CPU.Build.0 = Release|Any CPU
	EndGlobalSection
	GlobalSection(SolutionProperties) = preSolution
		HideSolutionNode = FALSE
	EndGlobalSection
	GlobalSection(ExtensibilityGlobals) = postSolution
		SolutionGuid = {AF6D48F0-DC60-40B0-B4D0-7AED515D4C6F}
	EndGlobalSection
EndGlobal
